
Microsoft Visual Studio Solution File, Format Version 12.00
# Visual Studio Version 17
VisualStudioVersion = 17.0.31903.59
MinimumVisualStudioVersion = 10.0.40219.1
Project("{FAE04EC0-301F-11D3-BF4B-00C04F79EFBC}") = "Greenflux.Sdk", "src\Greenflux.Sdk\Greenflux.Sdk.csproj", "{BE22C9FD-A67B-4A01-901C-018C1E626751}"
EndProject
Project("{FAE04EC0-301F-11D3-BF4B-00C04F79EFBC}") = "Greenflux.Sdk.Tests", "tests\Greenflux.Sdk.Tests\Greenflux.Sdk.Tests.csproj", "{A5DAE75E-0B51-461B-962B-913257214812}"
EndProject
Global
	GlobalSection(SolutionConfigurationPlatforms) = preSolution
		Debug|Any CPU = Debug|Any CPU
		Release|Any CPU = Release|Any CPU
	EndGlobalSection
	GlobalSection(ProjectConfigurationPlatforms) = postSolution
		{BE22C9FD-A67B-4A01-901C-018C1E626751}.Debug|Any CPU.ActiveCfg = Debug|Any CPU
		{BE22C9FD-A67B-4A01-901C-018C1E626751}.Debug|Any CPU.Build.0 = Debug|Any CPU
		{BE22C9FD-A67B-4A01-901C-018C1E626751}.Release|Any CPU.ActiveCfg = Release|Any CPU
		{BE22C9FD-A67B-4A01-901C-018C1E626751}.Release|Any CPU.Build.0 = Release|Any CPU
		{A5DAE75E-0B51-461B-962B-913257214812}.Debug|Any CPU.ActiveCfg = Debug|Any CPU
		{A5DAE75E-0B51-461B-962B-913257214812}.Debug|Any CPU.Build.0 = Debug|Any CPU
		{A5DAE75E-0B51-461B-962B-913257214812}.Release|Any CPU.ActiveCfg = Release|Any CPU
		{A5DAE75E-0B51-461B-962B-913257214812}.Release|Any CPU.Build.0 = Release|Any CPU
	EndGlobalSection
EndGlobal
